{
  "name": "arith-js",
  "version": "0.1.0",
  "lockfileVersion": 2,
  "requires": true,
  "packages": {
    "": {
      "name": "arith-js",
      "version": "0.1.0",
      "license": "MIT",
      "dependencies": {
        "@hai2007/tool": "^1.3.1"
      },
      "devDependencies": {
        "@hai2007/nodejs": "^3.0.1",
        "async-allege-web": "^0.3.0",
        "rollup": "^1.17.0",
        "rollup-plugin-commonjs": "^10.0.1",
        "rollup-plugin-node-resolve": "^5.2.0",
        "uglify-js": "^3.10.2"
      }
    },
    "node_modules/@hai2007/browser": {
      "version": "0.3.5",
      "resolved": "https://mirrors.cloud.tencent.com/npm/@hai2007%2fbrowser/-/browser-0.3.5.tgz",
      "integrity": "sha512-fdRNkpMIQzpvP00uP+k45+84adEA6hPe5FHtEw4yXevY7FrbV6byD1N4ANfAQB74dmkd7EqTP1QfZ55cM9ZbCg==",
      "dev": true
    },
    "node_modules/@hai2007/nodejs": {
      "version": "3.0.1",
      "resolved": "https://mirrors.cloud.tencent.com/npm/@hai2007%2fnodejs/-/nodejs-3.0.1.tgz",
      "integrity": "sha512-An+qC3SmzD/iN9sJ4TbZ6eZ09ZUocCry1en/1QjWGAb4NuhgcIfpZM5mnkitTRe8iY4zImFIDXjyCGYR6hyNbw==",
      "dev": true,
      "dependencies": {
        "@hai2007/tool": "^0.6.1"
      },
      "bin": {
        "nodejs": "bin/run"
      }
    },
    "node_modules/@hai2007/nodejs/node_modules/@hai2007/tool": {
      "version": "0.6.6",
      "resolved": "https://mirrors.cloud.tencent.com/npm/@hai2007%2ftool/-/tool-0.6.6.tgz",
      "integrity": "sha512-NY+oSmnB2ihepJBDFw+2S6vUvJ+lj9AtibioWBbkEn2w/QOY+wNKBT1xgg0nstxx5ljWLd2oS9WqOPY/q7rICA==",
      "dev": true
    },
    "node_modules/@hai2007/tool": {
      "version": "1.3.1",
      "resolved": "https://mirrors.cloud.tencent.com/npm/@hai2007%2ftool/-/tool-1.3.1.tgz",
      "integrity": "sha512-cDQundo1QfdXj38PRzIwdfsirGBgi4GVmax8GvCC+NdQ8DGN5gTBrBFBy0yQUxaNVtC3QOWlqiNQYfQ0evYOzg=="
    },
    "node_modules/@types/estree": {
      "version": "1.0.0",
      "resolved": "https://mirrors.cloud.tencent.com/npm/@types%2festree/-/estree-1.0.0.tgz",
      "integrity": "sha512-WulqXMDUTYAXCjZnk6JtIHPigp55cVtDgDrO2gHRwhyJto21+1zbVCtOYB2L1F9w4qCQ0rOGWBnBe0FNTiEJIQ==",
      "dev": true
    },
    "node_modules/@types/node": {
      "version": "18.6.4",
      "resolved": "https://mirrors.cloud.tencent.com/npm/@types%2fnode/-/node-18.6.4.tgz",
      "integrity": "sha512-I4BD3L+6AWiUobfxZ49DlU43gtI+FTHSv9pE2Zekg6KjMpre4ByusaljW3vYSLJrvQ1ck1hUaeVu8HVlY3vzHg==",
      "dev": true
    },
    "node_modules/@types/resolve": {
      "version": "0.0.8",
      "resolved": "https://mirrors.cloud.tencent.com/npm/@types%2fresolve/-/resolve-0.0.8.tgz",
      "integrity": "sha512-auApPaJf3NPfe18hSoJkp8EbZzer2ISk7o8mCC3M9he/a04+gbMF97NkpD2S8riMGvm4BMRI59/SZQSaLTKpsQ==",
      "dev": true,
      "dependencies": {
        "@types/node": "*"
      }
    },
    "node_modules/acorn": {
      "version": "7.4.1",
      "resolved": "https://mirrors.cloud.tencent.com/npm/acorn/-/acorn-7.4.1.tgz",
      "integrity": "sha512-nQyp0o1/mNdbTO1PO6kHkwSrmgZ0MT/jCCpNiwbUjGoRN4dlBhqJtoQuCnEOKzgTVwg0ZWiCoQy6SxMebQVh8A==",
      "dev": true,
      "bin": {
        "acorn": "bin/acorn"
      },
      "engines": {
        "node": ">=0.4.0"
      }
    },
    "node_modules/async-allege-web": {
      "version": "0.3.0",
      "resolved": "https://mirrors.cloud.tencent.com/npm/async-allege-web/-/async-allege-web-0.3.0.tgz",
      "integrity": "sha512-4U9HqTne5Mm9odFcvYCpmAcwTyH8wy5os6WCpvmheu49Tw4bckkcyLrRFn1XoEqKW0BUFj7Jtwbfsn4peHvxQA==",
      "dev": true,
      "dependencies": {
        "@hai2007/browser": "^0.3.4",
        "@hai2007/tool": "^1.2.0"
      }
    },
    "node_modules/builtin-modules": {
      "version": "3.3.0",
      "resolved": "https://mirrors.cloud.tencent.com/npm/builtin-modules/-/builtin-modules-3.3.0.tgz",
      "integrity": "sha512-zhaCDicdLuWN5UbN5IMnFqNMhNfo919sH85y2/ea+5Yg9TsTkeZxpL+JLbp6cgYFS4sRLp3YV4S6yDuqVWHYOw==",
      "dev": true,
      "engines": {
        "node": ">=6"
      },
      "funding": {
        "url": "https://github.com/sponsors/sindresorhus"
      }
    },
    "node_modules/estree-walker": {
      "version": "0.6.1",
      "resolved": "https://mirrors.cloud.tencent.com/npm/estree-walker/-/estree-walker-0.6.1.tgz",
      "integrity": "sha512-SqmZANLWS0mnatqbSfRP5g8OXZC12Fgg1IwNtLsyHDzJizORW4khDfjPqJZsemPWBB2uqykUah5YpQ6epsqC/w==",
      "dev": true
    },
    "node_modules/function-bind": {
      "version": "1.1.1",
      "resolved": "https://mirrors.cloud.tencent.com/npm/function-bind/-/function-bind-1.1.1.tgz",
      "integrity": "sha512-yIovAzMX49sF8Yl58fSCWJ5svSLuaibPxXQJFLmBObTuCr0Mf1KiPopGM9NiFjiYBCbfaa2Fh6breQ6ANVTI0A==",
      "dev": true
    },
    "node_modules/has": {
      "version": "1.0.3",
      "resolved": "https://mirrors.cloud.tencent.com/npm/has/-/has-1.0.3.tgz",
      "integrity": "sha512-f2dvO0VU6Oej7RkWJGrehjbzMAjFp5/VKPp5tTpWIV4JHHZK1/BxbFRtf/siA2SWTe09caDmVtYYzWEIbBS4zw==",
      "dev": true,
      "dependencies": {
        "function-bind": "^1.1.1"
      },
      "engines": {
        "node": ">= 0.4.0"
      }
    },
    "node_modules/is-core-module": {
      "version": "2.10.0",
      "resolved": "https://mirrors.cloud.tencent.com/npm/is-core-module/-/is-core-module-2.10.0.tgz",
      "integrity": "sha512-Erxj2n/LDAZ7H8WNJXd9tw38GYM3dv8rk8Zcs+jJuxYTW7sozH+SS8NtrSjVL1/vpLvWi1hxy96IzjJ3EHTJJg==",
      "dev": true,
      "dependencies": {
        "has": "^1.0.3"
      },
      "funding": {
        "url": "https://github.com/sponsors/ljharb"
      }
    },
    "node_modules/is-module": {
      "version": "1.0.0",
      "resolved": "https://mirrors.cloud.tencent.com/npm/is-module/-/is-module-1.0.0.tgz",
      "integrity": "sha1-Mlj7afeMFNW4FdZkM2tM/7ZEFZE=",
      "dev": true
    },
    "node_modules/is-reference": {
      "version": "1.2.1",
      "resolved": "https://mirrors.cloud.tencent.com/npm/is-reference/-/is-reference-1.2.1.tgz",
      "integrity": "sha512-U82MsXXiFIrjCK4otLT+o2NA2Cd2g5MLoOVXUZjIOhLurrRxpEXzI8O0KZHr3IjLvlAH1kTPYSuqer5T9ZVBKQ==",
      "dev": true,
      "dependencies": {
        "@types/estree": "*"
      }
    },
    "node_modules/magic-string": {
      "version": "0.25.9",
      "resolved": "https://mirrors.cloud.tencent.com/npm/magic-string/-/magic-string-0.25.9.tgz",
      "integrity": "sha512-RmF0AsMzgt25qzqqLc1+MbHmhdx0ojF2Fvs4XnOqz2ZOBXzzkEwc/dJQZCYHAn7v1jbVOjAZfK8msRn4BxO4VQ==",
      "dev": true,
      "dependencies": {
        "sourcemap-codec": "^1.4.8"
      }
    },
    "node_modules/path-parse": {
      "version": "1.0.7",
      "resolved": "https://mirrors.cloud.tencent.com/npm/path-parse/-/path-parse-1.0.7.tgz",
      "integrity": "sha512-LDJzPVEEEPR+y48z93A0Ed0yXb8pAByGWo/k5YYdYgpY2/2EsOsksJrq7lOHxryrVOn1ejG6oAp8ahvOIQD8sw==",
      "dev": true
    },
    "node_modules/resolve": {
      "version": "1.22.1",
      "resolved": "https://mirrors.cloud.tencent.com/npm/resolve/-/resolve-1.22.1.tgz",
      "integrity": "sha512-nBpuuYuY5jFsli/JIs1oldw6fOQCBioohqWZg/2hiaOybXOft4lonv85uDOKXdf8rhyK159cxU5cDcK/NKk8zw==",
      "dev": true,
      "dependencies": {
        "is-core-module": "^2.9.0",
        "path-parse": "^1.0.7",
        "supports-preserve-symlinks-flag": "^1.0.0"
      },
      "bin": {
        "resolve": "bin/resolve"
      },
      "funding": {
        "url": "https://github.com/sponsors/ljharb"
      }
    },
    "node_modules/rollup": {
      "version": "1.32.1",
      "resolved": "https://mirrors.cloud.tencent.com/npm/rollup/-/rollup-1.32.1.tgz",
      "integrity": "sha512-/2HA0Ec70TvQnXdzynFffkjA6XN+1e2pEv/uKS5Ulca40g2L7KuOE3riasHoNVHOsFD5KKZgDsMk1CP3Tw9s+A==",
      "dev": true,
      "dependencies": {
        "@types/estree": "*",
        "@types/node": "*",
        "acorn": "^7.1.0"
      },
      "bin": {
        "rollup": "dist/bin/rollup"
      }
    },
    "node_modules/rollup-plugin-commonjs": {
      "version": "10.1.0",
      "resolved": "https://mirrors.cloud.tencent.com/npm/rollup-plugin-commonjs/-/rollup-plugin-commonjs-10.1.0.tgz",
      "integrity": "sha512-jlXbjZSQg8EIeAAvepNwhJj++qJWNJw1Cl0YnOqKtP5Djx+fFGkp3WRh+W0ASCaFG5w1jhmzDxgu3SJuVxPF4Q==",
      "deprecated": "This package has been deprecated and is no longer maintained. Please use @rollup/plugin-commonjs.",
      "dev": true,
      "dependencies": {
        "estree-walker": "^0.6.1",
        "is-reference": "^1.1.2",
        "magic-string": "^0.25.2",
        "resolve": "^1.11.0",
        "rollup-pluginutils": "^2.8.1"
      },
      "peerDependencies": {
        "rollup": ">=1.12.0"
      }
    },
    "node_modules/rollup-plugin-node-resolve": {
      "version": "5.2.0",
      "resolved": "https://mirrors.cloud.tencent.com/npm/rollup-plugin-node-resolve/-/rollup-plugin-node-resolve-5.2.0.tgz",
      "integrity": "sha512-jUlyaDXts7TW2CqQ4GaO5VJ4PwwaV8VUGA7+km3n6k6xtOEacf61u0VXwN80phY/evMcaS+9eIeJ9MOyDxt5Zw==",
      "deprecated": "This package has been deprecated and is no longer maintained. Please use @rollup/plugin-node-resolve.",
      "dev": true,
      "dependencies": {
        "@types/resolve": "0.0.8",
        "builtin-modules": "^3.1.0",
        "is-module": "^1.0.0",
        "resolve": "^1.11.1",
        "rollup-pluginutils": "^2.8.1"
      },
      "peerDependencies": {
        "rollup": ">=1.11.0"
      }
    },
    "node_modules/rollup-pluginutils": {
      "version": "2.8.2",
      "resolved": "https://mirrors.cloud.tencent.com/npm/rollup-pluginutils/-/rollup-pluginutils-2.8.2.tgz",
      "integrity": "sha512-EEp9NhnUkwY8aif6bxgovPHMoMoNr2FulJziTndpt5H9RdwC47GSGuII9XxpSdzVGM0GWrNPHV6ie1LTNJPaLQ==",
      "dev": true,
      "dependencies": {
        "estree-walker": "^0.6.1"
      }
    },
    "node_modules/sourcemap-codec": {
      "version": "1.4.8",
      "resolved": "https://mirrors.cloud.tencent.com/npm/sourcemap-codec/-/sourcemap-codec-1.4.8.tgz",
      "integrity": "sha512-9NykojV5Uih4lgo5So5dtw+f0JgJX30KCNI8gwhz2J9A15wD0Ml6tjHKwf6fTSa6fAdVBdZeNOs9eJ71qCk8vA==",
      "dev": true
    },
    "node_modules/supports-preserve-symlinks-flag": {
      "version": "1.0.0",
      "resolved": "https://mirrors.cloud.tencent.com/npm/supports-preserve-symlinks-flag/-/supports-preserve-symlinks-flag-1.0.0.tgz",
      "integrity": "sha512-ot0WnXS9fgdkgIcePe6RHNk1WA8+muPa6cSjeR3V8K27q9BB1rTE3R1p7Hv0z1ZyAc8s6Vvv8DIyWf681MAt0w==",
      "dev": true,
      "engines": {
        "node": ">= 0.4"
      },
      "funding": {
        "url": "https://github.com/sponsors/ljharb"
      }
    },
    "node_modules/uglify-js": {
      "version": "3.16.3",
      "resolved": "https://mirrors.cloud.tencent.com/npm/uglify-js/-/uglify-js-3.16.3.tgz",
      "integrity": "sha512-uVbFqx9vvLhQg0iBaau9Z75AxWJ8tqM9AV890dIZCLApF4rTcyHwmAvLeEdYRs+BzYWu8Iw81F79ah0EfTXbaw==",
      "dev": true,
      "bin": {
        "uglifyjs": "bin/uglifyjs"
      },
      "engines": {
        "node": ">=0.8.0"
      }
    }
  },
  "dependencies": {
    "@hai2007/browser": {
      "version": "0.3.5",
      "resolved": "https://mirrors.cloud.tencent.com/npm/@hai2007%2fbrowser/-/browser-0.3.5.tgz",
      "integrity": "sha512-fdRNkpMIQzpvP00uP+k45+84adEA6hPe5FHtEw4yXevY7FrbV6byD1N4ANfAQB74dmkd7EqTP1QfZ55cM9ZbCg==",
      "dev": true
    },
    "@hai2007/nodejs": {
      "version": "3.0.1",
      "resolved": "https://mirrors.cloud.tencent.com/npm/@hai2007%2fnodejs/-/nodejs-3.0.1.tgz",
      "integrity": "sha512-An+qC3SmzD/iN9sJ4TbZ6eZ09ZUocCry1en/1QjWGAb4NuhgcIfpZM5mnkitTRe8iY4zImFIDXjyCGYR6hyNbw==",
      "dev": true,
      "requires": {
        "@hai2007/tool": "^0.6.1"
      },
      "dependencies": {
        "@hai2007/tool": {
          "version": "0.6.6",
          "resolved": "https://mirrors.cloud.tencent.com/npm/@hai2007%2ftool/-/tool-0.6.6.tgz",
          "integrity": "sha512-NY+oSmnB2ihepJBDFw+2S6vUvJ+lj9AtibioWBbkEn2w/QOY+wNKBT1xgg0nstxx5ljWLd2oS9WqOPY/q7rICA==",
          "dev": true
        }
      }
    },
    "@hai2007/tool": {
      "version": "1.3.1",
      "resolved": "https://mirrors.cloud.tencent.com/npm/@hai2007%2ftool/-/tool-1.3.1.tgz",
      "integrity": "sha512-cDQundo1QfdXj38PRzIwdfsirGBgi4GVmax8GvCC+NdQ8DGN5gTBrBFBy0yQUxaNVtC3QOWlqiNQYfQ0evYOzg=="
    },
    "@types/estree": {
      "version": "1.0.0",
      "resolved": "https://mirrors.cloud.tencent.com/npm/@types%2festree/-/estree-1.0.0.tgz",
      "integrity": "sha512-WulqXMDUTYAXCjZnk6JtIHPigp55cVtDgDrO2gHRwhyJto21+1zbVCtOYB2L1F9w4qCQ0rOGWBnBe0FNTiEJIQ==",
      "dev": true
    },
    "@types/node": {
      "version": "18.6.4",
      "resolved": "https://mirrors.cloud.tencent.com/npm/@types%2fnode/-/node-18.6.4.tgz",
      "integrity": "sha512-I4BD3L+6AWiUobfxZ49DlU43gtI+FTHSv9pE2Zekg6KjMpre4ByusaljW3vYSLJrvQ1ck1hUaeVu8HVlY3vzHg==",
      "dev": true
    },
    "@types/resolve": {
      "version": "0.0.8",
      "resolved": "https://mirrors.cloud.tencent.com/npm/@types%2fresolve/-/resolve-0.0.8.tgz",
      "integrity": "sha512-auApPaJf3NPfe18hSoJkp8EbZzer2ISk7o8mCC3M9he/a04+gbMF97NkpD2S8riMGvm4BMRI59/SZQSaLTKpsQ==",
      "dev": true,
      "requires": {
        "@types/node": "*"
      }
    },
    "acorn": {
      "version": "7.4.1",
      "resolved": "https://mirrors.cloud.tencent.com/npm/acorn/-/acorn-7.4.1.tgz",
      "integrity": "sha512-nQyp0o1/mNdbTO1PO6kHkwSrmgZ0MT/jCCpNiwbUjGoRN4dlBhqJtoQuCnEOKzgTVwg0ZWiCoQy6SxMebQVh8A==",
      "dev": true
    },
    "async-allege-web": {
      "version": "0.3.0",
      "resolved": "https://mirrors.cloud.tencent.com/npm/async-allege-web/-/async-allege-web-0.3.0.tgz",
      "integrity": "sha512-4U9HqTne5Mm9odFcvYCpmAcwTyH8wy5os6WCpvmheu49Tw4bckkcyLrRFn1XoEqKW0BUFj7Jtwbfsn4peHvxQA==",
      "dev": true,
      "requires": {
        "@hai2007/browser": "^0.3.4",
        "@hai2007/tool": "^1.2.0"
      }
    },
    "builtin-modules": {
      "version": "3.3.0",
      "resolved": "https://mirrors.cloud.tencent.com/npm/builtin-modules/-/builtin-modules-3.3.0.tgz",
      "integrity": "sha512-zhaCDicdLuWN5UbN5IMnFqNMhNfo919sH85y2/ea+5Yg9TsTkeZxpL+JLbp6cgYFS4sRLp3YV4S6yDuqVWHYOw==",
      "dev": true
    },
    "estree-walker": {
      "version": "0.6.1",
      "resolved": "https://mirrors.cloud.tencent.com/npm/estree-walker/-/estree-walker-0.6.1.tgz",
      "integrity": "sha512-SqmZANLWS0mnatqbSfRP5g8OXZC12Fgg1IwNtLsyHDzJizORW4khDfjPqJZsemPWBB2uqykUah5YpQ6epsqC/w==",
      "dev": true
    },
    "function-bind": {
      "version": "1.1.1",
      "resolved": "https://mirrors.cloud.tencent.com/npm/function-bind/-/function-bind-1.1.1.tgz",
      "integrity": "sha512-yIovAzMX49sF8Yl58fSCWJ5svSLuaibPxXQJFLmBObTuCr0Mf1KiPopGM9NiFjiYBCbfaa2Fh6breQ6ANVTI0A==",
      "dev": true
    },
    "has": {
      "version": "1.0.3",
      "resolved": "https://mirrors.cloud.tencent.com/npm/has/-/has-1.0.3.tgz",
      "integrity": "sha512-f2dvO0VU6Oej7RkWJGrehjbzMAjFp5/VKPp5tTpWIV4JHHZK1/BxbFRtf/siA2SWTe09caDmVtYYzWEIbBS4zw==",
      "dev": true,
      "requires": {
        "function-bind": "^1.1.1"
      }
    },
    "is-core-module": {
      "version": "2.10.0",
      "resolved": "https://mirrors.cloud.tencent.com/npm/is-core-module/-/is-core-module-2.10.0.tgz",
      "integrity": "sha512-Erxj2n/LDAZ7H8WNJXd9tw38GYM3dv8rk8Zcs+jJuxYTW7sozH+SS8NtrSjVL1/vpLvWi1hxy96IzjJ3EHTJJg==",
      "dev": true,
      "requires": {
        "has": "^1.0.3"
      }
    },
    "is-module": {
      "version": "1.0.0",
      "resolved": "https://mirrors.cloud.tencent.com/npm/is-module/-/is-module-1.0.0.tgz",
      "integrity": "sha1-Mlj7afeMFNW4FdZkM2tM/7ZEFZE=",
      "dev": true
    },
    "is-reference": {
      "version": "1.2.1",
      "resolved": "https://mirrors.cloud.tencent.com/npm/is-reference/-/is-reference-1.2.1.tgz",
      "integrity": "sha512-U82MsXXiFIrjCK4otLT+o2NA2Cd2g5MLoOVXUZjIOhLurrRxpEXzI8O0KZHr3IjLvlAH1kTPYSuqer5T9ZVBKQ==",
      "dev": true,
      "requires": {
        "@types/estree": "*"
      }
    },
    "magic-string": {
      "version": "0.25.9",
      "resolved": "https://mirrors.cloud.tencent.com/npm/magic-string/-/magic-string-0.25.9.tgz",
      "integrity": "sha512-RmF0AsMzgt25qzqqLc1+MbHmhdx0ojF2Fvs4XnOqz2ZOBXzzkEwc/dJQZCYHAn7v1jbVOjAZfK8msRn4BxO4VQ==",
      "dev": true,
      "requires": {
        "sourcemap-codec": "^1.4.8"
      }
    },
    "path-parse": {
      "version": "1.0.7",
      "resolved": "https://mirrors.cloud.tencent.com/npm/path-parse/-/path-parse-1.0.7.tgz",
      "integrity": "sha512-LDJzPVEEEPR+y48z93A0Ed0yXb8pAByGWo/k5YYdYgpY2/2EsOsksJrq7lOHxryrVOn1ejG6oAp8ahvOIQD8sw==",
      "dev": true
    },
    "resolve": {
      "version": "1.22.1",
      "resolved": "https://mirrors.cloud.tencent.com/npm/resolve/-/resolve-1.22.1.tgz",
      "integrity": "sha512-nBpuuYuY5jFsli/JIs1oldw6fOQCBioohqWZg/2hiaOybXOft4lonv85uDOKXdf8rhyK159cxU5cDcK/NKk8zw==",
      "dev": true,
      "requires": {
        "is-core-module": "^2.9.0",
        "path-parse": "^1.0.7",
        "supports-preserve-symlinks-flag": "^1.0.0"
      }
    },
    "rollup": {
      "version": "1.32.1",
      "resolved": "https://mirrors.cloud.tencent.com/npm/rollup/-/rollup-1.32.1.tgz",
      "integrity": "sha512-/2HA0Ec70TvQnXdzynFffkjA6XN+1e2pEv/uKS5Ulca40g2L7KuOE3riasHoNVHOsFD5KKZgDsMk1CP3Tw9s+A==",
      "dev": true,
      "requires": {
        "@types/estree": "*",
        "@types/node": "*",
        "acorn": "^7.1.0"
      }
    },
    "rollup-plugin-commonjs": {
      "version": "10.1.0",
      "resolved": "https://mirrors.cloud.tencent.com/npm/rollup-plugin-commonjs/-/rollup-plugin-commonjs-10.1.0.tgz",
      "integrity": "sha512-jlXbjZSQg8EIeAAvepNwhJj++qJWNJw1Cl0YnOqKtP5Djx+fFGkp3WRh+W0ASCaFG5w1jhmzDxgu3SJuVxPF4Q==",
      "dev": true,
      "requires": {
        "estree-walker": "^0.6.1",
        "is-reference": "^1.1.2",
        "magic-string": "^0.25.2",
        "resolve": "^1.11.0",
        "rollup-pluginutils": "^2.8.1"
      }
    },
    "rollup-plugin-node-resolve": {
      "version": "5.2.0",
      "resolved": "https://mirrors.cloud.tencent.com/npm/rollup-plugin-node-resolve/-/rollup-plugin-node-resolve-5.2.0.tgz",
      "integrity": "sha512-jUlyaDXts7TW2CqQ4GaO5VJ4PwwaV8VUGA7+km3n6k6xtOEacf61u0VXwN80phY/evMcaS+9eIeJ9MOyDxt5Zw==",
      "dev": true,
      "requires": {
        "@types/resolve": "0.0.8",
        "builtin-modules": "^3.1.0",
        "is-module": "^1.0.0",
        "resolve": "^1.11.1",
        "rollup-pluginutils": "^2.8.1"
      }
    },
    "rollup-pluginutils": {
      "version": "2.8.2",
      "resolved": "https://mirrors.cloud.tencent.com/npm/rollup-pluginutils/-/rollup-pluginutils-2.8.2.tgz",
      "integrity": "sha512-EEp9NhnUkwY8aif6bxgovPHMoMoNr2FulJziTndpt5H9RdwC47GSGuII9XxpSdzVGM0GWrNPHV6ie1LTNJPaLQ==",
      "dev": true,
      "requires": {
        "estree-walker": "^0.6.1"
      }
    },
    "sourcemap-codec": {
      "version": "1.4.8",
      "resolved": "https://mirrors.cloud.tencent.com/npm/sourcemap-codec/-/sourcemap-codec-1.4.8.tgz",
      "integrity": "sha512-9NykojV5Uih4lgo5So5dtw+f0JgJX30KCNI8gwhz2J9A15wD0Ml6tjHKwf6fTSa6fAdVBdZeNOs9eJ71qCk8vA==",
      "dev": true
    },
    "supports-preserve-symlinks-flag": {
      "version": "1.0.0",
      "resolved": "https://mirrors.cloud.tencent.com/npm/supports-preserve-symlinks-flag/-/supports-preserve-symlinks-flag-1.0.0.tgz",
      "integrity": "sha512-ot0WnXS9fgdkgIcePe6RHNk1WA8+muPa6cSjeR3V8K27q9BB1rTE3R1p7Hv0z1ZyAc8s6Vvv8DIyWf681MAt0w==",
      "dev": true
    },
    "uglify-js": {
      "version": "3.16.3",
      "resolved": "https://mirrors.cloud.tencent.com/npm/uglify-js/-/uglify-js-3.16.3.tgz",
      "integrity": "sha512-uVbFqx9vvLhQg0iBaau9Z75AxWJ8tqM9AV890dIZCLApF4rTcyHwmAvLeEdYRs+BzYWu8Iw81F79ah0EfTXbaw==",
      "dev": true
    }
  }
}
